
Microsoft Visual Studio Solution File, Format Version 12.00
# Visual Studio Version 17
VisualStudioVersion = 17.3.32819.101
MinimumVisualStudioVersion = 10.0.40219.1
Project("{FAE04EC0-301F-11D3-BF4B-00C04F79EFBC}") = "Practica_18_12_22", "Practica_18_12_22\Practica_18_12_22.csproj", "{0C61DEA8-0512-41BB-A980-E598E95C55DA}"
EndProject
Global
	GlobalSection(SolutionConfigurationPlatforms) = preSolution
		Debug|Any CPU = Debug|Any CPU
		Release|Any CPU = Release|Any CPU
	EndGlobalSection
	GlobalSection(ProjectConfigurationPlatforms) = postSolution
		{0C61DEA8-0512-41BB-A980-E598E95C55DA}.Debug|Any CPU.ActiveCfg = Debug|Any CPU
		{0C61DEA8-0512-41BB-A980-E598E95C55DA}.Debug|Any CPU.Build.0 = Debug|Any CPU
		{0C61DEA8-0512-41BB-A980-E598E95C55DA}.Release|Any CPU.ActiveCfg = Release|Any CPU
		{0C61DEA8-0512-41BB-A980-E598E95C55DA}.Release|Any CPU.Build.0 = Release|Any CPU
	EndGlobalSection
	GlobalSection(SolutionProperties) = preSolution
		HideSolutionNode = FALSE
	EndGlobalSection
	GlobalSection(ExtensibilityGlobals) = postSolution
		SolutionGuid = {CB90F6EC-2122-4CE8-8312-B8C193CB6877}
	EndGlobalSection
EndGlobal
